
Microsoft Visual Studio Solution File, Format Version 12.00
# Visual Studio Version 17
VisualStudioVersion = 17.7.34009.444
MinimumVisualStudioVersion = 10.0.40219.1
Project("{FAE04EC0-301F-11D3-BF4B-00C04F79EFBC}") = "exer02", "exer02\exer02.csproj", "{322D2E81-C01D-42FD-B998-DA7572177BA7}"
EndProject
Global
	GlobalSection(SolutionConfigurationPlatforms) = preSolution
		Debug|Any CPU = Debug|Any CPU
		Release|Any CPU = Release|Any CPU
	EndGlobalSection
	GlobalSection(ProjectConfigurationPlatforms) = postSolution
		{322D2E81-C01D-42FD-B998-DA7572177BA7}.Debug|Any CPU.ActiveCfg = Debug|Any CPU
		{322D2E81-C01D-42FD-B998-DA7572177BA7}.Debug|Any CPU.Build.0 = Debug|Any CPU
		{322D2E81-C01D-42FD-B998-DA7572177BA7}.Release|Any CPU.ActiveCfg = Release|Any CPU
		{322D2E81-C01D-42FD-B998-DA7572177BA7}.Release|Any CPU.Build.0 = Release|Any CPU
	EndGlobalSection
	GlobalSection(SolutionProperties) = preSolution
		HideSolutionNode = FALSE
	EndGlobalSection
	GlobalSection(ExtensibilityGlobals) = postSolution
		SolutionGuid = {885BCBAB-1DEB-4868-8238-E122349E9892}
	EndGlobalSection
EndGlobal
