
Microsoft Visual Studio Solution File, Format Version 12.00
# Visual Studio Version 17
VisualStudioVersion = 17.6.33829.357
MinimumVisualStudioVersion = 10.0.40219.1
Project("{FAE04EC0-301F-11D3-BF4B-00C04F79EFBC}") = "aula03", "aula03\aula03.csproj", "{6DBE98B2-A399-45C3-A923-B6C17B9FB795}"
EndProject
Global
	GlobalSection(SolutionConfigurationPlatforms) = preSolution
		Debug|Any CPU = Debug|Any CPU
		Release|Any CPU = Release|Any CPU
	EndGlobalSection
	GlobalSection(ProjectConfigurationPlatforms) = postSolution
		{6DBE98B2-A399-45C3-A923-B6C17B9FB795}.Debug|Any CPU.ActiveCfg = Debug|Any CPU
		{6DBE98B2-A399-45C3-A923-B6C17B9FB795}.Debug|Any CPU.Build.0 = Debug|Any CPU
		{6DBE98B2-A399-45C3-A923-B6C17B9FB795}.Release|Any CPU.ActiveCfg = Release|Any CPU
		{6DBE98B2-A399-45C3-A923-B6C17B9FB795}.Release|Any CPU.Build.0 = Release|Any CPU
	EndGlobalSection
	GlobalSection(SolutionProperties) = preSolution
		HideSolutionNode = FALSE
	EndGlobalSection
	GlobalSection(ExtensibilityGlobals) = postSolution
		SolutionGuid = {8EE770EF-50AB-4BB7-AC63-85F03851015F}
	EndGlobalSection
EndGlobal
