
Microsoft Visual Studio Solution File, Format Version 12.00
# Visual Studio Version 17
VisualStudioVersion = 17.6.33829.357
MinimumVisualStudioVersion = 10.0.40219.1
Project("{FAE04EC0-301F-11D3-BF4B-00C04F79EFBC}") = "OlaMundo", "OlaMundo.csproj", "{6F5AFE3E-E387-46CF-B3A5-40EB667CC4D1}"
EndProject
Global
	GlobalSection(SolutionConfigurationPlatforms) = preSolution
		Debug|Any CPU = Debug|Any CPU
		Release|Any CPU = Release|Any CPU
	EndGlobalSection
	GlobalSection(ProjectConfigurationPlatforms) = postSolution
		{6F5AFE3E-E387-46CF-B3A5-40EB667CC4D1}.Debug|Any CPU.ActiveCfg = Debug|Any CPU
		{6F5AFE3E-E387-46CF-B3A5-40EB667CC4D1}.Debug|Any CPU.Build.0 = Debug|Any CPU
		{6F5AFE3E-E387-46CF-B3A5-40EB667CC4D1}.Release|Any CPU.ActiveCfg = Release|Any CPU
		{6F5AFE3E-E387-46CF-B3A5-40EB667CC4D1}.Release|Any CPU.Build.0 = Release|Any CPU
	EndGlobalSection
	GlobalSection(SolutionProperties) = preSolution
		HideSolutionNode = FALSE
	EndGlobalSection
	GlobalSection(ExtensibilityGlobals) = postSolution
		SolutionGuid = {AB56EAA2-1EEC-4CC3-BEE0-A47A8F41E060}
	EndGlobalSection
EndGlobal
