
Microsoft Visual Studio Solution File, Format Version 12.00
# Visual Studio Version 17
VisualStudioVersion = 17.7.34009.444
MinimumVisualStudioVersion = 10.0.40219.1
Project("{FAE04EC0-301F-11D3-BF4B-00C04F79EFBC}") = "Compras Parceladas", "Compras Parceladas\Compras Parceladas.csproj", "{876342C7-251C-4BF6-80F4-1395ED461286}"
EndProject
Global
	GlobalSection(SolutionConfigurationPlatforms) = preSolution
		Debug|Any CPU = Debug|Any CPU
		Release|Any CPU = Release|Any CPU
	EndGlobalSection
	GlobalSection(ProjectConfigurationPlatforms) = postSolution
		{876342C7-251C-4BF6-80F4-1395ED461286}.Debug|Any CPU.ActiveCfg = Debug|Any CPU
		{876342C7-251C-4BF6-80F4-1395ED461286}.Debug|Any CPU.Build.0 = Debug|Any CPU
		{876342C7-251C-4BF6-80F4-1395ED461286}.Release|Any CPU.ActiveCfg = Release|Any CPU
		{876342C7-251C-4BF6-80F4-1395ED461286}.Release|Any CPU.Build.0 = Release|Any CPU
	EndGlobalSection
	GlobalSection(SolutionProperties) = preSolution
		HideSolutionNode = FALSE
	EndGlobalSection
	GlobalSection(ExtensibilityGlobals) = postSolution
		SolutionGuid = {AC48D30B-CF3C-4037-9853-413CA7039AD3}
	EndGlobalSection
EndGlobal
